{
	"name": "LifeLens",
	"lockfileVersion": 2,
	"requires": true,
	"packages": {
		"": {
			"dependencies": {
				"esbuild": "^0.11.20",
				"holoplay": "^1.0.3",
				"three": "^0.127.0"
			}
		},
		"node_modules/@ungap/event-target": {
			"version": "0.1.0",
			"resolved": "https://registry.npmjs.org/@ungap/event-target/-/event-target-0.1.0.tgz",
			"integrity": "sha512-W2oyj0Fe1w/XhPZjkI3oUcDUAmu5P4qsdT2/2S8aMhtAWM/CE/jYWtji0pKNPDfxLI75fa5gWSEmnynKMNP/oA=="
		},
		"node_modules/cbor-js": {
			"version": "0.1.0",
			"resolved": "https://registry.npmjs.org/cbor-js/-/cbor-js-0.1.0.tgz",
			"integrity": "sha1-yAzmEg84fo+qdDcN/aIdlluPx/k="
		},
		"node_modules/esbuild": {
			"version": "0.11.20",
			"resolved": "https://registry.npmjs.org/esbuild/-/esbuild-0.11.20.tgz",
			"integrity": "sha512-QOZrVpN/Yz74xfat0H6euSgn3RnwLevY1mJTEXneukz1ln9qB+ieaerRMzSeETpz/UJWsBMzRVR/andBht5WKw==",
			"hasInstallScript": true,
			"bin": {
				"esbuild": "bin/esbuild"
			}
		},
		"node_modules/fullscreen-polyfill": {
			"version": "1.0.4",
			"resolved": "https://registry.npmjs.org/fullscreen-polyfill/-/fullscreen-polyfill-1.0.4.tgz",
			"integrity": "sha512-oNQPCv6ULyajmTid3314SYZdyD4QzIC12WrO3D4BZoxo9ThtrvL70c9JAVsoVWTXmZwoQmEXcCHSP5tEcALAwA=="
		},
		"node_modules/holoplay": {
			"version": "1.0.3",
			"resolved": "https://registry.npmjs.org/holoplay/-/holoplay-1.0.3.tgz",
			"integrity": "sha512-r1sLLcO8/pSg1rb7051JSSVkWoLZddK/+3jXS677dgM0u3AwluoikDxTAbFvkVMj4OMbodHoMhoIaJLZUcWyHA==",
			"dependencies": {
				"@ungap/event-target": "^0.1.0",
				"fullscreen-polyfill": "^1.0.2",
				"holoplay-core": "0.0.8",
				"three": "^0.102.1"
			}
		},
		"node_modules/holoplay-core": {
			"version": "0.0.8",
			"resolved": "https://registry.npmjs.org/holoplay-core/-/holoplay-core-0.0.8.tgz",
			"integrity": "sha512-fErVQ6dB8onRRKPQGxBT6VOCTIFjnoOu8U2+TBxNJLGgVEeOR6hr4yYEMHSSSOFUjyFLpWXWfEkFt34vOS+VFA==",
			"dependencies": {
				"cbor-js": "^0.1.0",
				"ws": "^7.2.0"
			}
		},
		"node_modules/holoplay/node_modules/three": {
			"version": "0.102.1",
			"resolved": "https://registry.npmjs.org/three/-/three-0.102.1.tgz",
			"integrity": "sha512-btHBdww/Es4vdBkB2GjTE9mpj0vy8tgtxkX7ne7uxySXV8zoGxWJv1N88BydxnCqvAfmD4ZUTqPeESO7oDgeOQ=="
		},
		"node_modules/three": {
			"version": "0.127.0",
			"resolved": "https://registry.npmjs.org/three/-/three-0.127.0.tgz",
			"integrity": "sha512-wtgrn+mhYUbobxT7QN3GPdu3SRpSBQvwY6uOzLChWS7QE//f7paDU/+wlzbg+ngeIvBBqjBHSRuywTh8A99Jng=="
		},
		"node_modules/ws": {
			"version": "7.4.5",
			"resolved": "https://registry.npmjs.org/ws/-/ws-7.4.5.tgz",
			"integrity": "sha512-xzyu3hFvomRfXKH8vOFMU3OguG6oOvhXMo3xsGy3xWExqaM2dxBbVxuD99O7m3ZUFMvvscsZDqxfgMaRr/Nr1g==",
			"engines": {
				"node": ">=8.3.0"
			},
			"peerDependencies": {
				"bufferutil": "^4.0.1",
				"utf-8-validate": "^5.0.2"
			},
			"peerDependenciesMeta": {
				"bufferutil": {
					"optional": true
				},
				"utf-8-validate": {
					"optional": true
				}
			}
		}
	},
	"dependencies": {
		"@ungap/event-target": {
			"version": "0.1.0",
			"resolved": "https://registry.npmjs.org/@ungap/event-target/-/event-target-0.1.0.tgz",
			"integrity": "sha512-W2oyj0Fe1w/XhPZjkI3oUcDUAmu5P4qsdT2/2S8aMhtAWM/CE/jYWtji0pKNPDfxLI75fa5gWSEmnynKMNP/oA=="
		},
		"cbor-js": {
			"version": "0.1.0",
			"resolved": "https://registry.npmjs.org/cbor-js/-/cbor-js-0.1.0.tgz",
			"integrity": "sha1-yAzmEg84fo+qdDcN/aIdlluPx/k="
		},
		"esbuild": {
			"version": "0.11.20",
			"resolved": "https://registry.npmjs.org/esbuild/-/esbuild-0.11.20.tgz",
			"integrity": "sha512-QOZrVpN/Yz74xfat0H6euSgn3RnwLevY1mJTEXneukz1ln9qB+ieaerRMzSeETpz/UJWsBMzRVR/andBht5WKw=="
		},
		"fullscreen-polyfill": {
			"version": "1.0.4",
			"resolved": "https://registry.npmjs.org/fullscreen-polyfill/-/fullscreen-polyfill-1.0.4.tgz",
			"integrity": "sha512-oNQPCv6ULyajmTid3314SYZdyD4QzIC12WrO3D4BZoxo9ThtrvL70c9JAVsoVWTXmZwoQmEXcCHSP5tEcALAwA=="
		},
		"holoplay": {
			"version": "1.0.3",
			"resolved": "https://registry.npmjs.org/holoplay/-/holoplay-1.0.3.tgz",
			"integrity": "sha512-r1sLLcO8/pSg1rb7051JSSVkWoLZddK/+3jXS677dgM0u3AwluoikDxTAbFvkVMj4OMbodHoMhoIaJLZUcWyHA==",
			"requires": {
				"@ungap/event-target": "^0.1.0",
				"fullscreen-polyfill": "^1.0.2",
				"holoplay-core": "0.0.8",
				"three": "^0.102.1"
			},
			"dependencies": {
				"three": {
					"version": "0.102.1",
					"resolved": "https://registry.npmjs.org/three/-/three-0.102.1.tgz",
					"integrity": "sha512-btHBdww/Es4vdBkB2GjTE9mpj0vy8tgtxkX7ne7uxySXV8zoGxWJv1N88BydxnCqvAfmD4ZUTqPeESO7oDgeOQ=="
				}
			}
		},
		"holoplay-core": {
			"version": "0.0.8",
			"resolved": "https://registry.npmjs.org/holoplay-core/-/holoplay-core-0.0.8.tgz",
			"integrity": "sha512-fErVQ6dB8onRRKPQGxBT6VOCTIFjnoOu8U2+TBxNJLGgVEeOR6hr4yYEMHSSSOFUjyFLpWXWfEkFt34vOS+VFA==",
			"requires": {
				"cbor-js": "^0.1.0",
				"ws": "^7.2.0"
			}
		},
		"three": {
			"version": "0.127.0",
			"resolved": "https://registry.npmjs.org/three/-/three-0.127.0.tgz",
			"integrity": "sha512-wtgrn+mhYUbobxT7QN3GPdu3SRpSBQvwY6uOzLChWS7QE//f7paDU/+wlzbg+ngeIvBBqjBHSRuywTh8A99Jng=="
		},
		"ws": {
			"version": "7.4.5",
			"resolved": "https://registry.npmjs.org/ws/-/ws-7.4.5.tgz",
			"integrity": "sha512-xzyu3hFvomRfXKH8vOFMU3OguG6oOvhXMo3xsGy3xWExqaM2dxBbVxuD99O7m3ZUFMvvscsZDqxfgMaRr/Nr1g==",
			"requires": {}
		}
	}
}
